version = 1
revision = 3
requires-python = ">=3.14"

[[package]]
name = "automation"
version = "0.1.0"
source = { editable = "." }
dependencies = [
    { name = "websockets" },
]

[package.dev-dependencies]
dev = [
    { name = "pytest" },
    { name = "ruff" },
    { name = "ty" },
]

[package.metadata]
requires-dist = [{ name = "websockets", specifier = ">=17.2" }]

[package.metadata.requires-dev]
dev = [
    { name = "pytest", specifier = ">=9.1.1" },
    { name = "ruff", specifier = ">=0.16.9" },
    { name = "ty", specifier = ">=0.0.85" },
]

[[package]]
name = "colorama"
version = "0.4.6"
source = { registry = "https://pypi.org/simple" }
sdist = { url = "https://files.pythonhosted.org/packages/d8/53/6f443c9a4a8358a93a6792e2acffb9d9d5cb0a5cfd8802644b7b1c9a02e4/colorama-0.4.6.tar.gz", hash = "sha256:08695f5cb7ed6e0531a20572697297273c47b8cae5a63ffc6d6ed5c201be6e44", size = 27697, upload-time = "2022-10-25T02:36:22.414Z" }
wheels = [
    { url = "https://files.pythonhosted.org/packages/d1/d6/3965ed04c63042e047cb6a3e6ed1a63a35087b6a609aa3a15ed8ac56c221/colorama-0.4.6-py2.py3-none-any.whl", hash = "sha256:4f1d9991f5acc0ca119f9d443620b77f9d6b33703e51011c16baf57afb285fc6", size = 25335, upload-time = "2022-10-25T02:36:20.889Z" },
]

[[package]]
name = "iniconfig"
version = "2.3.0"
source = { registry = "https://pypi.org/simple" }
sdist = { url = "https://files.pythonhosted.org/packages/72/34/14ca021ce8e5dfedc35312d08ba8bf51fdd999c576889fc2c24cb97f4f10/iniconfig-2.3.0.tar.gz", hash = "sha256:c76315c77db068650d49c5b56314774a7804df16fee4402c1f19d6d15d8c4730", size = 20503, upload-time = "2025-10-18T21:55:43.219Z" }
wheels = [
    { url = "https://files.pythonhosted.org/packages/cb/b1/3846dd7f199d53cb17f49cba7e651e9ce294d8497c8c150530ed11865bb8/iniconfig-2.3.0-py3-none-any.whl", hash = "sha256:f631c04d2c48c52b84d0d0549c99ff3859c98df65b3101406327ecc7d53fbf12", size = 7484, upload-time = "2025-10-18T21:55:41.639Z" },
]

[[package]]
name = "packaging"
version = "26.3"
source = { registry = "https://pypi.org/simple" }
sdist = { url = "https://files.pythonhosted.org/packages/7d/fa/3944b40b07da9ce895c0e6303a5ab7d53da063554f534556b134a54d6093/packaging-26.3.tar.gz", hash = "sha256:94edc256424af38762eb31306eed28beb9f0efc50a8837492c9d6fd6004aed79", size = 313412, upload-time = "2026-08-04T18:15:28.737Z" }
wheels = [
    { url = "https://files.pythonhosted.org/packages/63/34/ba1c580383c9eada3711951fef0795c80b829a078d72188184bcab9dd527/packaging-26.3-py3-none-any.whl", hash = "sha256:d7193f7c8e4e93f444fde0262bf90af30e16fa0ad0ad44cb553c87339b23cd1c", size = 129956, upload-time = "2026-08-04T18:15:27.159Z" },
]

[[package]]
name = "pluggy"
version = "1.6.0"
source = { registry = "https://pypi.org/simple" }
sdist = { url = "https://files.pythonhosted.org/packages/f9/e2/3e91f31a7d2b083fe6ef3fa267035b518369d9511ffab804f839851d2779/pluggy-1.6.0.tar.gz", hash = "sha256:7dcc130b76258d33b90f61b658791dede3486c3e6bfb003ee5c9bfb396dd22f3", size = 69412, upload-time = "2025-05-15T12:30:07.975Z" }
wheels = [
    { url = "https://files.pythonhosted.org/packages/54/20/4d324d65cc6d9205fabedc306948156824eb9f0ee1633355a8f7ec5c66bf/pluggy-1.6.0-py3-none-any.whl", hash = "sha256:e920276dd6813095e9377c0bc5566d94c932c33b27a3e3945d8389c374dd4746", size = 20538, upload-time = "2025-05-15T12:30:06.134Z" },
]

[[package]]
name = "pygments"
version = "2.21.0"
source = { registry = "https://pypi.org/simple" }
sdist = { url = "https://files.pythonhosted.org/packages/49/2e/ced460408999b33da6b31b0021b0f37d329e202d4169aeb164493778f25b/pygments-2.21.0.tar.gz", hash = "sha256:610ca751c9bc2492b38eb9a38a7fbc93edbbb2d7182edaf34e66ae493dee5c8c", size = 5005329, upload-time = "2026-08-17T08:02:48.824Z" }
wheels = [
    { url = "https://files.pythonhosted.org/packages/71/46/17f022dd3e953bf20a04a028a21ec746d942f8d2af30fa0f124fa0e6a684/pygments-2.21.0-py3-none-any.whl", hash = "sha256:2363c69b61c4a97c838da3b130dcd6468f4848992b21a82f2a63ec34377137d9", size = 1250147, upload-time = "2026-08-17T08:02:44.912Z" },
]

[[package]]
name = "pytest"
version = "9.1.1"
source = { registry = "https://pypi.org/simple" }
dependencies = [
    { name = "colorama", marker = "sys_platform == 'win32'" },
    { name = "iniconfig" },
    { name = "packaging" },
    { name = "pluggy" },
    { name = "pygments" },
]
sdist = { url = "https://files.pythonhosted.org/packages/e4/47/b9efed96c114afcfa3c9d3fe98a76a1d14c74a9e266d397cf6eb64be5e01/pytest-9.1.1.tar.gz", hash = "sha256:1088fbde8f2b49d95a549a195707afa7a76a3ce9bcadc26b6d71f0ffda5fe313", size = 1636369, upload-time = "2026-06-19T10:58:32.857Z" }
wheels = [
    { url = "https://files.pythonhosted.org/packages/24/25/1de2678b631f5a49215c6c96fff41ba892b0a34df68d6d80292b1b48aa7f/pytest-9.1.1-py3-none-any.whl", hash = "sha256:37a86b45efb9a47a61a36449063e8e18d0cab3161329fc099eb21783169c4f0c", size = 386536, upload-time = "2026-06-19T10:58:31.347Z" },
]

[[package]]
name = "ruff"
version = "0.16.9"
source = { registry = "https://pypi.org/simple" }
sdist = { url = "https://files.pythonhosted.org/packages/96/bf/c935ca98e73fe8ce65b87ef08a280c0c1e85295d569228c15e87d8fdfaf1/ruff-0.16.9.tar.gz", hash = "sha256:12b625c6cfba78d285d9f48eda5f053374f1e53cb10ef17342a383750db99161", size = 4948764, upload-time = "2026-09-24T20:37:49.416Z" }
wheels = [
    { url = "https://files.pythonhosted.org/packages/0d/26/df51322b52ee1ada7eff2d071ea09d11d5c2d1dcc9f02594f5785c4d1635/ruff-0.16.9-py3-none-linux_armv6l.whl", hash = "sha256:95e6f022090368ab3b824c36276839c53b2adf1a3f4c09fefc33dfc400f6da96", size = 10082922, upload-time = "2026-09-24T20:37:13.045Z" },
    { url = "https://files.pythonhosted.org/packages/a5/27/7bf51f5a7aa375e9f339280a303aab44ca75dc1525f1cdc5991761685b0f/ruff-0.16.9-py3-none-macosx_10_12_x86_64.whl", hash = "sha256:a5f27be168556594a86d2f415db0cf43f5291917849318f873c7e2791f7a8c67", size = 10236360, upload-time = "2026-09-24T20:37:16.049Z" },
    { url = "https://files.pythonhosted.org/packages/b6/63/09659283f92f02dff45809da194a70da2f688d87c55d8875c4fae3536072/ruff-0.16.9-py3-none-macosx_11_0_arm64.whl", hash = "sha256:1632eb1d6197f33bd00b1acbc5b71009e89a8895c158e2d2b03a834fac964ab6", size = 9892940, upload-time = "2026-09-24T20:37:17.957Z" },
    { url = "https://files.pythonhosted.org/packages/24/58/98de1b72ec172f5f8f1731236fe21585b3998bf7dfe9fcc44ae9ba626012/ruff-0.16.9-py3-none-manylinux_2_17_aarch64.manylinux2014_aarch64.whl", hash = "sha256:b3f951b14d865d5952c89d40a5ca07e87abe24fa5453299878411e127748fb1c", size = 10032114, upload-time = "2026-09-24T20:37:19.942Z" },
    { url = "https://files.pythonhosted.org/packages/c8/7d/f1e17c54ab59d4bad1dce8ee3e22a7a1d0ef4745240decacdcf3832b5bb2/ruff-0.16.9-py3-none-manylinux_2_17_armv7l.manylinux2014_armv7l.whl", hash = "sha256:447fc07e1573afff7cb02803462b12b6c8ece7cf10e2cd78565fa6d7a1c0bf8d", size = 9910227, upload-time = "2026-09-24T20:37:21.872Z" },
    { url = "https://files.pythonhosted.org/packages/34/19/436f647a65075bbd3bab2668b3bdaa5120559b294694018cdcefabbbf30b/ruff-0.16.9-py3-none-manylinux_2_17_i686.manylinux2014_i686.whl", hash = "sha256:8a3e039a6a40ed976c491722b60e0ae4a4aa1a86057f540ee7a37a5d19ae9120", size = 10547484, upload-time = "2026-09-24T20:37:24.229Z" },
    { url = "https://files.pythonhosted.org/packages/03/59/38430a6bc2f6d8095447ac39625cf8b6e9344a47e6c26225c8ba1bff3ffb/ruff-0.16.9-py3-none-manylinux_2_17_ppc64le.manylinux2014_ppc64le.whl", hash = "sha256:4684dded7db60aa57cb118fa158630f5feade4af5782903b6053484bdf9bd129", size = 11412367, upload-time = "2026-09-24T20:37:26.307Z" },
    { url = "https://files.pythonhosted.org/packages/c8/bd/bbb6d7fc7f208c8b8c50dd5dc8206e4cfdb1e7a8fb852606a3adf370c880/ruff-0.16.9-py3-none-manylinux_2_17_s390x.manylinux2014_s390x.whl", hash = "sha256:d29c934357e45642fda2f34c0b1f4025b4a6c01e15e4bf0016879d60078a142c", size = 10869787, upload-time = "2026-09-24T20:37:28.35Z" },
    { url = "https://files.pythonhosted.org/packages/bc/b8/9c543074918061abbefc3bd139bee22de35abedb00dde0f2d27288838962/ruff-0.16.9-py3-none-manylinux_2_17_x86_64.manylinux2014_x86_64.whl", hash = "sha256:a21713e629d3e5bdb2f5c2def1cc7f04f47fa8e1a7eb0571b4a28e1da64bc728", size = 10406494, upload-time = "2026-09-24T20:37:30.624Z" },
    { url = "https://files.pythonhosted.org/packages/35/7a/5a8851bd146e7ccf8fd4b003f6c75c11f8fbdb0e60673b45097986b6bf41/ruff-0.16.9-py3-none-manylinux_2_31_riscv64.whl", hash = "sha256:7baa24ef5fc8e77aa93879e1d3f43754a01ae488e869f1ae30cf431afd4d2452", size = 10590083, upload-time = "2026-09-24T20:37:32.439Z" },
    { url = "https://files.pythonhosted.org/packages/87/f0/4c3467188f23f806960b46fa76575a7cd0514c9ba90562650b71efc96980/ruff-0.16.9-py3-none-musllinux_1_2_aarch64.whl", hash = "sha256:a41aac6230aadfaa133bdfa1614488531ffa3e0837567ae04c0da2058a9c0f9e", size = 10119151, upload-time = "2026-09-24T20:37:34.581Z" },
    { url = "https://files.pythonhosted.org/packages/15/34/5a4def5adea572ce6aea0bb64f21f928ee317b80e0db747d7979b01d7261/ruff-0.16.9-py3-none-musllinux_1_2_armv7l.whl", hash = "sha256:c2529fb5896d49115b0e9aa8f887490b34bbe76baf879ec2264ac59406869ce7", size = 9911544, upload-time = "2026-09-24T20:37:36.796Z" },
    { url = "https://files.pythonhosted.org/packages/62/5d/d15ebea7499eef9373318c0ee6ca127832927c6529731f6d48e18dce7ca9/ruff-0.16.9-py3-none-musllinux_1_2_i686.whl", hash = "sha256:41e3870277694177429b56406d65dfbdb2c2802c52b715edaf6a0b829c69d4ee", size = 10269884, upload-time = "2026-09-24T20:37:38.857Z" },
    { url = "https://files.pythonhosted.org/packages/d1/56/c5d3cd119ded7a3c7aba0e961b69cb3df701c91662c98ad694467d060ce1/ruff-0.16.9-py3-none-musllinux_1_2_x86_64.whl", hash = "sha256:8adbe4e58af167f767d7b2ba5e83c42e878350796cf78c2f5e14ab9903a92588", size = 10749366, upload-time = "2026-09-24T20:37:41.042Z" },
    { url = "https://files.pythonhosted.org/packages/ac/fe/734ec7527029ac757ecf821f143c9f3fcf69149c21f53a044a899b430f5a/ruff-0.16.9-py3-none-win32.whl", hash = "sha256:0e1dbc2073624dee6618d41d0098690a7244654af746704b64759e12b6b6b385", size = 10152355, upload-time = "2026-09-24T20:37:43.025Z" },
    { url = "https://files.pythonhosted.org/packages/14/21/26e4643629b3ebb44f0a06f9c9a53058d63d989415f63a9a3c28e2ee7f22/ruff-0.16.9-py3-none-win_amd64.whl", hash = "sha256:6bd40fec8cd4c8a3d4dd589bd8ad4e6320c13c29234159bfd959a40d529d597b", size = 10592965, upload-time = "2026-09-24T20:37:44.944Z" },
    { url = "https://files.pythonhosted.org/packages/51/60/5fb1a39dbb5ae314d5f59bc7348a63c1d5c20f3cd83914c4b5cb0be31d2d/ruff-0.16.9-py3-none-win_arm64.whl", hash = "sha256:ed1a252039200f57a59eebc063b54beabea67bfbaaca0eeaa7f54b5fbcda2284", size = 10458649, upload-time = "2026-09-24T20:37:46.882Z" },
]

[[package]]
name = "ty"
version = "0.0.85"
source = { registry = "https://pypi.org/simple" }
sdist = { url = "https://files.pythonhosted.org/packages/66/8f/8de9c4ff90e7131a3c832ea074e123d551fed84c899d37a522f649ca7c6a/ty-0.0.85.tar.gz", hash = "sha256:ef442cbc2fd6dad02eb00dee4213c1e0f18e09bcbeec2cdce6aa802603c5c6bb", size = 7519853, upload-time = "2026-10-06T22:05:41.732Z" }
wheels = [
    { url = "https://files.pythonhosted.org/packages/1f/06/1716c1778088c5c8f96b248f0e0304e839ca69c096bde82b827bc00e4194/ty-0.0.85-py3-none-linux_armv6l.whl", hash = "sha256:012d71e0dcb51e74599adfb0e5c1416bdac3bf983115e42230545c782b06cfca", size = 14097338, upload-time = "2026-10-06T22:04:58.838Z" },
    { url = "https://files.pythonhosted.org/packages/4a/26/d6b2c7221096c3fa36a0afd4aa8134ffd450df63635ec3862a5a8cf6c9fd/ty-0.0.85-py3-none-macosx_10_12_x86_64.whl", hash = "sha256:391d1993ea3b26509ddb3878dbe79e4cb92487c73109893ee2e51394846e0a69", size = 13684794, upload-time = "2026-10-06T22:05:02.204Z" },
    { url = "https://files.pythonhosted.org/packages/e7/7a/dd1e2e1c54551d61451c18eeb918db833fdbc0a48022fd2bffc93c755735/ty-0.0.85-py3-none-macosx_11_0_arm64.whl", hash = "sha256:90e1bb090348cb560c7ba6109f2c898735b0520fd3114cd316d8bd80439aabb7", size = 13318789, upload-time = "2026-10-06T22:05:04.61Z" },
    { url = "https://files.pythonhosted.org/packages/ff/9c/6c4fc7badf3e1e2e160d0b5c68632d85eb48dd0341422ac44fdd855d1eaf/ty-0.0.85-py3-none-manylinux_2_17_aarch64.manylinux2014_aarch64.whl", hash = "sha256:311c131f735bf76be8852305817d5fd10165d6289c76350f6188b0749a66a7f8", size = 13526827, upload-time = "2026-10-06T22:05:07.046Z" },
    { url = "https://files.pythonhosted.org/packages/ba/e5/f6f2d279ef810d89b688425a72150bbbd84a2d6bf54eb9a5ae172f13e3a5/ty-0.0.85-py3-none-manylinux_2_17_armv7l.manylinux2014_armv7l.whl", hash = "sha256:a0971dc7b2f9e9cabdf654f53c8a40e563921227d05567b670f171cba2b3e385", size = 13823871, upload-time = "2026-10-06T22:05:09.731Z" },
    { url = "https://files.pythonhosted.org/packages/47/5d/1210c1f59e8c8c970807a2f13c180fa953ce58a6ddf28e90564db6f8890d/ty-0.0.85-py3-none-manylinux_2_17_i686.manylinux2014_i686.whl", hash = "sha256:5fada6d10172b4c88d44b1f9697c9f5f40d34f8fb40fe716da0366f094268c9b", size = 14727151, upload-time = "2026-10-06T22:05:12.299Z" },
    { url = "https://files.pythonhosted.org/packages/20/26/cdd96e45c33079174d5cd70649a5ae77758bc209f0685e8a4fecee9b7094/ty-0.0.85-py3-none-manylinux_2_17_ppc64le.manylinux2014_ppc64le.whl", hash = "sha256:d06c9aa616672e9f9856ff7b539be5c3a4719702e5636e58b4196a8c850a884b", size = 15148511, upload-time = "2026-10-06T22:05:15.304Z" },
    { url = "https://files.pythonhosted.org/packages/f0/28/fd471f2edc0f38a70f0494f9949d1983591073555d254031542c0ed29454/ty-0.0.85-py3-none-manylinux_2_17_s390x.manylinux2014_s390x.whl", hash = "sha256:2280d31c369ef61ed9a4c2399cd663340d85a5fd7965a8ad881203ea6b8b130e", size = 15090530, upload-time = "2026-10-06T22:05:17.874Z" },
    { url = "https://files.pythonhosted.org/packages/7b/4f/6ebfe4f14c399856fc80c448ab442521072f688dfde72b075d8a90d7cafa/ty-0.0.85-py3-none-manylinux_2_17_x86_64.manylinux2014_x86_64.whl", hash = "sha256:cc1fff0eab4e73fcc66df761a7a4759da04d3e9c2b82d57c628c50434e2ff0d7", size = 14322051, upload-time = "2026-10-06T22:05:20.366Z" },
    { url = "https://files.pythonhosted.org/packages/36/38/866054d20e12e72a76a37eaf60f1374f7ad4d0b973c145685782065d84cf/ty-0.0.85-py3-none-manylinux_2_31_riscv64.whl", hash = "sha256:453dcb85b5f2486ddc6ade57a50698e9a8d8e3aae34e50f0b20bc5e8c2a3bc2b", size = 14637631, upload-time = "2026-10-06T22:05:22.628Z" },
    { url = "https://files.pythonhosted.org/packages/08/16/700c730b4978de81bab82974c23db0229e58d852e10767e1f1f8b0e217db/ty-0.0.85-py3-none-musllinux_1_2_aarch64.whl", hash = "sha256:820eb594b1d30cd6a0776e59449ed6994b03c27af8da0c287ad351de193eb4a7", size = 13553358, upload-time = "2026-10-06T22:05:24.903Z" },
    { url = "https://files.pythonhosted.org/packages/2e/60/d2dda3a3443d55083429b1eccabed95cbf8769bc61c51831e0ece890780f/ty-0.0.85-py3-none-musllinux_1_2_armv7l.whl", hash = "sha256:4b76c6a2fc5974fc2c5f95156a34f44127be794f4b3dc9793aae5b6a4b774e83", size = 13837412, upload-time = "2026-10-06T22:05:27.163Z" },
    { url = "https://files.pythonhosted.org/packages/f2/54/05043adf78fa5c0440fe9b956505b24d2568da256b60e7479c691510bb92/ty-0.0.85-py3-none-musllinux_1_2_i686.whl", hash = "sha256:0e3a32de0731efce574367fdd680b7524c681909a92e6cf64bb40ad48ccbc110", size = 14167568, upload-time = "2026-10-06T22:05:29.519Z" },
    { url = "https://files.pythonhosted.org/packages/9d/31/0372621051cc807f23d2e9c55bab65818ed131852c05fbe4c65be365895e/ty-0.0.85-py3-none-musllinux_1_2_x86_64.whl", hash = "sha256:d622348c05a9fe99ad087dc93f174617a96f9fef23dd7a0acbdb0adaf8bd5ae6", size = 14489824, upload-time = "2026-10-06T22:05:32.089Z" },
    { url = "https://files.pythonhosted.org/packages/b5/64/0fca31db8c48dc72285f17b878e2c6a015279ab04a26e16f62abb384094f/ty-0.0.85-py3-none-win32.whl", hash = "sha256:0742d21a002481af8d2324b16ce5df210b5bb7673b0ea1096cfc02745c6b7280", size = 13410281, upload-time = "2026-10-06T22:05:34.418Z" },
    { url = "https://files.pythonhosted.org/packages/f6/a8/65d865185ecb18ee45b85cd99b34aedb3d8a4a9fe0438dab695e1390dbb7/ty-0.0.85-py3-none-win_amd64.whl", hash = "sha256:2636f8255b97c357dac1f9f50ca58f58a49642c8adb5c76643f483401a577014", size = 14112013, upload-time = "2026-10-06T22:05:36.946Z" },
    { url = "https://files.pythonhosted.org/packages/24/40/110b4f01af47fbb061f03e2f8e85cb30dd3d9ea614b2059dfaa058a044a5/ty-0.0.85-py3-none-win_arm64.whl", hash = "sha256:953574167a79d9dba7781238879955fa37fea405393710bfe53069ac82dff4d9", size = 13825189, upload-time = "2026-10-06T22:05:39.467Z" },
]

[[package]]
name = "websockets"
version = "17.2"
source = { registry = "https://pypi.org/simple" }
sdist = { url = "https://files.pythonhosted.org/packages/01/89/3f825ab71c242fffb62ea8fe638741c290f62f8d7aadf8125ff897747af3/websockets-17.2.tar.gz", hash = "sha256:36c2fb94c990cc2545143b12690e2de6c16300f9dbe5b4f33fa300cf57dc8792", size = 188355, upload-time = "2026-10-03T14:56:53.5Z" }
wheels = [
    { url = "https://files.pythonhosted.org/packages/8b/74/6bc991a28ac983600e65de408ebd1b1413d554ed0468ae5c831bc52dded6/websockets-17.2-cp314-cp314-macosx_10_15_universal2.whl", hash = "sha256:ecb748910e9ba4624ebe2057791df51dcbffb48c37108ab94a3c593472023c9e", size = 217791, upload-time = "2026-10-03T14:54:26.381Z" },
    { url = "https://files.pythonhosted.org/packages/cb/2f/158e99426be6e71d09520bae53f29294fbb614b2fc5fbf8867b1d08395a7/websockets-17.2-cp314-cp314-macosx_10_15_x86_64.whl", hash = "sha256:2ab9af5cb7265899e659f079eb71691375a1025b6d5fbd3caa495dd08f70833a", size = 215486, upload-time = "2026-10-03T14:54:27.962Z" },
    { url = "https://files.pythonhosted.org/packages/5c/09/1abf942723c0001d9c2fca1551907dade6304517b982b0bf10bba107fa81/websockets-17.2-cp314-cp314-macosx_11_0_arm64.whl", hash = "sha256:06e46da092bca3a52e98f0458c66b247993ce501a07cd09c858be3296511ab7d", size = 215699, upload-time = "2026-10-03T14:54:29.523Z" },
    { url = "https://files.pythonhosted.org/packages/a7/1d/1ade03963ef497c47e6bad79e24370827b2fe6145fa8f58070ff2b7dcbac/websockets-17.2-cp314-cp314-manylinux1_i686.manylinux_2_28_i686.manylinux_2_5_i686.whl", hash = "sha256:fcce735ffd72ac4056db05325d9f0232382b74826f0196eb6a15ca903abdaa0f", size = 225081, upload-time = "2026-10-03T14:54:31.278Z" },
    { url = "https://files.pythonhosted.org/packages/9f/fd/47b8a0361c49da939b976a07b27a72a9f893d01dfcf4d2a28b53419ce1ef/websockets-17.2-cp314-cp314-manylinux1_x86_64.manylinux_2_28_x86_64.manylinux_2_5_x86_64.whl", hash = "sha256:42cbca10f82a8b2fb1536e8a0830ca6ceeb6bb3d8d64b766e0795369135654a8", size = 225430, upload-time = "2026-10-03T14:54:32.917Z" },
    { url = "https://files.pythonhosted.org/packages/f0/26/f4d4c76264ee037c5556ab5f50fcba302746dabf7528955534e4dda9965e/websockets-17.2-cp314-cp314-manylinux2014_aarch64.manylinux_2_17_aarch64.manylinux_2_28_aarch64.whl", hash = "sha256:c63ff5a21f26bd0e6a8464b53fadbe174825c8718ac14180df45665eaacdb6af", size = 226676, upload-time = "2026-10-03T14:54:34.833Z" },
    { url = "https://files.pythonhosted.org/packages/37/b3/c8b1c981322a050c4babfd327ffc9880f9c3834f5b15d2574e37eeb8768c/websockets-17.2-cp314-cp314-manylinux2014_armv7l.manylinux_2_17_armv7l.manylinux_2_31_armv7l.whl", hash = "sha256:63f543463601c1558b755f8dd7618b6ec3dd0934dda051d3b7030d8c76e54de2", size = 228048, upload-time = "2026-10-03T14:54:36.424Z" },
    { url = "https://files.pythonhosted.org/packages/f0/5a/1cb29ddb23e6bc27ffd1c5316cd3616360d1ba0c3854eaa134ee3207bd28/websockets-17.2-cp314-cp314-manylinux2014_ppc64le.manylinux_2_17_ppc64le.manylinux_2_28_ppc64le.whl", hash = "sha256:4c32eb565ad9ce8a6444248e5b7a19dbb86a81c811fe5fcc2fba7a735aed5163", size = 227281, upload-time = "2026-10-03T14:54:38.01Z" },
    { url = "https://files.pythonhosted.org/packages/ba/64/135274572dc0c845fc1111e2b932c807c395daac75d6eae6cfa148d8a208/websockets-17.2-cp314-cp314-manylinux2014_s390x.manylinux_2_17_s390x.manylinux_2_28_s390x.whl", hash = "sha256:5d459bbb6c22f26dcebea56924a362aba50d453b9867912862c970434fcf0d94", size = 226025, upload-time = "2026-10-03T14:54:39.613Z" },
    { url = "https://files.pythonhosted.org/packages/58/75/f1e386aec3124489411caf5138cdd5a2bc43d3fd4a681c69adcf5f6272a5/websockets-17.2-cp314-cp314-manylinux_2_31_riscv64.manylinux_2_39_riscv64.whl", hash = "sha256:f19ca1a21871f024e38faf4107b433047df27558dff1b72a1dac31481e2c1fe5", size = 223277, upload-time = "2026-10-03T14:54:41.165Z" },
    { url = "https://files.pythonhosted.org/packages/60/eb/24733a0f568c2eb99e60f9faa620a98fb228c06a01e7e2f348b33290ed9c/websockets-17.2-cp314-cp314-musllinux_1_2_aarch64.whl", hash = "sha256:c76b4bcbf0f713194591673fc86a42820e14da6bbd1bb445d3d002cc4d1e4521", size = 226148, upload-time = "2026-10-03T14:54:42.779Z" },
    { url = "https://files.pythonhosted.org/packages/55/6d/ea66a30af74f5983cae31ebb9ef78b178b366a12856a414e1472225c4a34/websockets-17.2-cp314-cp314-musllinux_1_2_armv7l.whl", hash = "sha256:30201a7f69833b015556c72feb69ea501b645986fd0b90dab13f589e995ff428", size = 224615, upload-time = "2026-10-03T14:54:44.41Z" },
    { url = "https://files.pythonhosted.org/packages/87/80/c6f2228ad89774429d270179375ebddb657119215f52d1df7c680d65cad7/websockets-17.2-cp314-cp314-musllinux_1_2_i686.whl", hash = "sha256:0c8600aec354cc259f1691b0b42816f04a9886a953f82cb227246df76057f97a", size = 225398, upload-time = "2026-10-03T14:54:46.063Z" },
    { url = "https://files.pythonhosted.org/packages/f7/4a/3d8da19732ad468d4be7f1e3ac298078b60bdda55edde6589bef84a5eb7e/websockets-17.2-cp314-cp314-musllinux_1_2_ppc64le.whl", hash = "sha256:307fc22ea496be8542d67b82ae8c867a978dfd19ac35573d4f15943fd9277dfe", size = 226571, upload-time = "2026-10-03T14:54:47.672Z" },
    { url = "https://files.pythonhosted.org/packages/58/22/1231657122d9cc24791bb90af13cc2f4e84cf0d3a454cb37e3abfdcb2fd9/websockets-17.2-cp314-cp314-musllinux_1_2_riscv64.whl", hash = "sha256:9c88697fa943bd4ef67cc919a17d81de6581846f52bfa8c6f64a916098986556", size = 224125, upload-time = "2026-10-03T14:54:49.537Z" },
    { url = "https://files.pythonhosted.org/packages/1a/04/350ca2445da758bc42cdb4218b44d4ce0d5a9c1d5e4cc4a58d64348ad9da/websockets-17.2-cp314-cp314-musllinux_1_2_s390x.whl", hash = "sha256:f7eac84d4969da82166d5e90d9c38d2f416fe24f9708a7013569b193745b9a31", size = 225081, upload-time = "2026-10-03T14:54:51.075Z" },
    { url = "https://files.pythonhosted.org/packages/da/c4/dec952b0df3a5d918ed2a545abb0c25ae519c3bc2d9aba3b7c46abae8f05/websockets-17.2-cp314-cp314-musllinux_1_2_x86_64.whl", hash = "sha256:313f6703023d53baabab6d6c5c37cf637b2c4fee255acf2ed5e92ad69e28f1b7", size = 225376, upload-time = "2026-10-03T14:54:52.675Z" },
    { url = "https://files.pythonhosted.org/packages/f2/b4/198a260afbcc086ff4979774e51834ed7fb5b95f9ef305e0c4924630b857/websockets-17.2-cp314-cp314-win32.whl", hash = "sha256:08d90cf344bdb971ba3a826b78d4da9bfd56cc6a97a604d9b88cbd40bfa6c735", size = 217760, upload-time = "2026-10-03T14:54:54.247Z" },
    { url = "https://files.pythonhosted.org/packages/e5/9e/0523f8bc2f7aaddf39562d4fa01b4d38fa61b23d980917a16d2dd19c8dac/websockets-17.2-cp314-cp314-win_amd64.whl", hash = "sha256:dac93bf7a9beb215be3282b8441173cd50806c41c007b8be9bb24e03c60ad563", size = 218104, upload-time = "2026-10-03T14:54:55.845Z" },
    { url = "https://files.pythonhosted.org/packages/55/17/7b8bb4cb64a199e7082f1f9be784d657842fefc327ac777d6c1493504804/websockets-17.2-cp314-cp314-win_arm64.whl", hash = "sha256:2ab742249f953d148a9ba696c8b9944361e8cb92e8bc61ba2dd53a178403afd3", size = 217989, upload-time = "2026-10-03T14:54:57.376Z" },
    { url = "https://files.pythonhosted.org/packages/ee/76/f54ed054b6e860f1e0bbc7019542a048352d41231fdff6d904b379f881c7/websockets-17.2-cp314-cp314t-macosx_10_15_universal2.whl", hash = "sha256:a69ce25be5f1330ee1c74eb6fabbbceaa96b384beedd2627cecded7546490c40", size = 218125, upload-time = "2026-10-03T14:54:58.943Z" },
    { url = "https://files.pythonhosted.org/packages/e6/4c/0f3375cea66a125ae01d21fb9c537aae955ef499bfe7e2b2376a34362f2a/websockets-17.2-cp314-cp314t-macosx_10_15_x86_64.whl", hash = "sha256:8e24b878cf54843a63985d90480f163ca7f692689fbcbe9cdbd8165521083a8b", size = 215658, upload-time = "2026-10-03T14:55:00.674Z" },
    { url = "https://files.pythonhosted.org/packages/0c/05/7c871a67bfb4b61adc1fe13583db97803f87dfeca644fe6ef51df7bb276d/websockets-17.2-cp314-cp314t-macosx_11_0_arm64.whl", hash = "sha256:f33c7908a6885dcae9f462a4a8347b637053b4ff2b96beb4c23fba1cf7818e5f", size = 215858, upload-time = "2026-10-03T14:55:02.379Z" },
    { url = "https://files.pythonhosted.org/packages/41/8e/59df4d9cd357e902d1c74b13c3c0c3841c8df6e4b1b3d131bf26a23fdcb1/websockets-17.2-cp314-cp314t-manylinux1_i686.manylinux_2_28_i686.manylinux_2_5_i686.whl", hash = "sha256:c796a1bb3e4015249639849f30e8e680df8a431b45d417ba8acf843d2451d95f", size = 225443, upload-time = "2026-10-03T14:55:03.966Z" },
    { url = "https://files.pythonhosted.org/packages/5c/64/5e486a3a44e041203c62eccf1fc89c7f8824e21104a7b82b182e5b21c228/websockets-17.2-cp314-cp314t-manylinux1_x86_64.manylinux_2_28_x86_64.manylinux_2_5_x86_64.whl", hash = "sha256:983bcdc898662f6ba9d6a025c30d29946ff0986d9ad60d400af0da3671f7cbf3", size = 225726, upload-time = "2026-10-03T14:55:05.797Z" },
    { url = "https://files.pythonhosted.org/packages/f0/98/b6eb53121c91fbe8b6897aba06861ce60f9ab58faffc6bca5750cbc21681/websockets-17.2-cp314-cp314t-manylinux2014_aarch64.manylinux_2_17_aarch64.manylinux_2_28_aarch64.whl", hash = "sha256:35e0f088ddfd9d9bc5019e27ff3767411779e92b59db5bb1507f2731a5b61158", size = 226895, upload-time = "2026-10-03T14:55:07.626Z" },
    { url = "https://files.pythonhosted.org/packages/8a/18/8c091321b99c91eb3eaec9acbd940e69308b4e465b5605c430af0cf7d3a5/websockets-17.2-cp314-cp314t-manylinux2014_armv7l.manylinux_2_17_armv7l.manylinux_2_31_armv7l.whl", hash = "sha256:19e2511412ad3393191de652513bc7a0ca3c93af143b32d96d46e59fbbddf1d4", size = 229040, upload-time = "2026-10-03T14:55:09.321Z" },
    { url = "https://files.pythonhosted.org/packages/1a/96/3a92f944305b7de42fcb7530b9fa69607b4b4ce993c36a9f2330dbc318ba/websockets-17.2-cp314-cp314t-manylinux2014_ppc64le.manylinux_2_17_ppc64le.manylinux_2_28_ppc64le.whl", hash = "sha256:cb5e2bf969ac99a6ae3c71208a5eb05cfde973192540ffa6e1068b57fb78c4f8", size = 227469, upload-time = "2026-10-03T14:55:10.935Z" },
    { url = "https://files.pythonhosted.org/packages/ea/a9/624f6d75ba326c22d03698b34c0ada984f1d76196322a62f6c22903b831d/websockets-17.2-cp314-cp314t-manylinux2014_s390x.manylinux_2_17_s390x.manylinux_2_28_s390x.whl", hash = "sha256:691780fca2be3dec512cb603cb91060271968cb4af86b51d07c57445c5754a37", size = 226202, upload-time = "2026-10-03T14:55:12.536Z" },
    { url = "https://files.pythonhosted.org/packages/47/af/1e6e8c625aeb268830af2c4227fe05e8db59f4f4debe1dadfd0ada214895/websockets-17.2-cp314-cp314t-manylinux_2_31_riscv64.manylinux_2_39_riscv64.whl", hash = "sha256:2d39c19b1ba6a6791050383fd69efdd3b63533e2254693d0263879cd5f5921ba", size = 223743, upload-time = "2026-10-03T14:55:14.164Z" },
    { url = "https://files.pythonhosted.org/packages/dd/81/33c5280f4f6f81637c93ae065c6a594dfe35935622af135a5f7c3768bf22/websockets-17.2-cp314-cp314t-musllinux_1_2_aarch64.whl", hash = "sha256:e48ac2b302986c6f55cf61e8e36b4dd97d0132c5078a713a697a940934ba422e", size = 226492, upload-time = "2026-10-03T14:55:15.796Z" },
    { url = "https://files.pythonhosted.org/packages/1d/f3/7aa9fc36e67caccbcfee2c48f4ada41e9da512d41523c024d039f0f22ba3/websockets-17.2-cp314-cp314t-musllinux_1_2_armv7l.whl", hash = "sha256:e136197f1262620ef2e507afc3ea759c1ae7d221886da20eec5f4c9f2618c2aa", size = 224940, upload-time = "2026-10-03T14:55:17.661Z" },
    { url = "https://files.pythonhosted.org/packages/3f/8c/457aff7081a63d1261608bb4d7b0b0f9dfe780697a2a334671745742850b/websockets-17.2-cp314-cp314t-musllinux_1_2_i686.whl", hash = "sha256:3eb44019a2b0b3b91bac95998f1e4e5589730421170e060fe654a2b7be727dc7", size = 225835, upload-time = "2026-10-03T14:55:19.607Z" },
    { url = "https://files.pythonhosted.org/packages/3e/c3/7a13a3b3050db2c36772ded49f8d48f99eb080948e9f6f762e7529925ab5/websockets-17.2-cp314-cp314t-musllinux_1_2_ppc64le.whl", hash = "sha256:e5855e574804398859c5fbaf4fc7882b96278b7f6572a3d889627e6eb6cfca59", size = 226848, upload-time = "2026-10-03T14:55:21.274Z" },
    { url = "https://files.pythonhosted.org/packages/c4/3e/d5b2c1e473b1031a4a0ec0e10de69df5b981ab4a10aa482bb45c18dd43f5/websockets-17.2-cp314-cp314t-musllinux_1_2_riscv64.whl", hash = "sha256:5dc29815520c329f5662f6eb3ebadecf0d4f8c82dfa416d4d6efbf8f39245559", size = 224541, upload-time = "2026-10-03T14:55:22.874Z" },
    { url = "https://files.pythonhosted.org/packages/79/5d/bb81976cc1aa546afb51395ce42913521e9dea062bb34a61308cfff30726/websockets-17.2-cp314-cp314t-musllinux_1_2_s390x.whl", hash = "sha256:d1a4f9462da6496b6cb79bbb09c60d17f7e63e8a1df136797b3afabec9560e4d", size = 225315, upload-time = "2026-10-03T14:55:24.443Z" },
    { url = "https://files.pythonhosted.org/packages/f4/6b/314962d5440c61b4c107914599c13ceeecc6bdb6e2e73a5f7e566a7d1f26/websockets-17.2-cp314-cp314t-musllinux_1_2_x86_64.whl", hash = "sha256:9496bff5541086478264678bac73c0a75b2fde94fdf6568893bca1f7c6d50d18", size = 225747, upload-time = "2026-10-03T14:55:26.033Z" },
    { url = "https://files.pythonhosted.org/packages/98/fc/9eb64b34a3a4458eb08f3f24bde01508f72a00790330723c158ebb965048/websockets-17.2-cp314-cp314t-win32.whl", hash = "sha256:e1e3bc8090a7eae79fdf634b63bdbfa3c93999991023c37c6fd3b469fc8ff5dc", size = 217891, upload-time = "2026-10-03T14:55:27.681Z" },
    { url = "https://files.pythonhosted.org/packages/ba/ed/3a4e2a09b0822d6e525cbc6e44a4885669bad5b22ab9c64fa2444bc15325/websockets-17.2-cp314-cp314t-win_amd64.whl", hash = "sha256:65a89a5bde227bfe908016f35b5bd347970cd1e5b0360f389502eba1c7fde6e0", size = 218229, upload-time = "2026-10-03T14:55:29.314Z" },
    { url = "https://files.pythonhosted.org/packages/b5/66/cffb75ee746dd060984c3c3e2eac7f875a866225a30dfa53e2cd18232565/websockets-17.2-cp314-cp314t-win_arm64.whl", hash = "sha256:1c27339934109dfaca83f18ab2c23db06714e9d5deca2c8e37e8f492ab90d20b", size = 218146, upload-time = "2026-10-03T14:55:31.001Z" },
    { url = "https://files.pythonhosted.org/packages/12/e9/10a9b1633b63594054c87b97af048628cea2b21b5089a52a9fc1e0af60a3/websockets-17.2-cp315-cp315-macosx_10_15_universal2.whl", hash = "sha256:a7c4bb26de6ef496d24822aee4f6a305d97cd33d21a2b85f290292d69ba1c25e", size = 217719, upload-time = "2026-10-03T14:55:32.674Z" },
    { url = "https://files.pythonhosted.org/packages/0c/00/ff4020fe0886dac7199a16ce2805c7afd7b981bd2e81d3fa18dff5d9863a/websockets-17.2-cp315-cp315-macosx_10_15_x86_64.whl", hash = "sha256:c08da1f15040bd1e1a6074bd4518a6ef20e67b1594ecfb0aa75e5b45f87e6d6d", size = 215448, upload-time = "2026-10-03T14:55:34.338Z" },
    { url = "https://files.pythonhosted.org/packages/66/06/bc7b944f81514378b2c2ab96c17df19e871cd33b9be0f1f6dfc975457e5e/websockets-17.2-cp315-cp315-macosx_11_0_arm64.whl", hash = "sha256:3117abfd32b183bdb6194df9317766d32c6517f3d1c0aa8c62d5c6ccfda0b4a8", size = 215674, upload-time = "2026-10-03T14:55:35.918Z" },
    { url = "https://files.pythonhosted.org/packages/a8/da/2b2b76faa2f10c4813e3872c9577fd13a798f5918b1785b86ff7d635eb2a/websockets-17.2-cp315-cp315-manylinux1_i686.manylinux_2_28_i686.manylinux_2_5_i686.whl", hash = "sha256:a046227daa7f191e843d26b911c1146233e9a33d249e0c954dcb3ac7c398710e", size = 225119, upload-time = "2026-10-03T14:55:37.777Z" },
    { url = "https://files.pythonhosted.org/packages/ae/d4/22cbe288c0d5cef7620503be92c0098d82220353fc7e188034a19c517240/websockets-17.2-cp315-cp315-manylinux1_x86_64.manylinux_2_28_x86_64.manylinux_2_5_x86_64.whl", hash = "sha256:2901bdf24f20bc884124b3e88c61f7ece260c20c81e610f2196007395264a4aa", size = 225549, upload-time = "2026-10-03T14:55:39.364Z" },
    { url = "https://files.pythonhosted.org/packages/4c/0a/504b0d3063679f2c60430c3539482d42a4cb8bd1a76646baf742030a93cc/websockets-17.2-cp315-cp315-manylinux2014_aarch64.manylinux_2_17_aarch64.manylinux_2_28_aarch64.whl", hash = "sha256:f60e39adfecf998488166aca8ff24ab1ac406c9ecbecbcf9b3bcfc43cb1ec9a1", size = 226717, upload-time = "2026-10-03T14:55:40.942Z" },
    { url = "https://files.pythonhosted.org/packages/4e/ea/5da9309cc55c2665a6eebc22c369d9918c0d77258c61e92058e6b08d5ff1/websockets-17.2-cp315-cp315-manylinux2014_armv7l.manylinux_2_17_armv7l.manylinux_2_31_armv7l.whl", hash = "sha256:d4df62fd8448a85c752bbea1803cb3a2785e6fc8352009ab64ad7447af079b3c", size = 228413, upload-time = "2026-10-03T14:55:42.54Z" },
    { url = "https://files.pythonhosted.org/packages/a6/74/5a24df72aa5500f311105687af864c27f1f9da910e968e97818c6149e6b0/websockets-17.2-cp315-cp315-manylinux2014_ppc64le.manylinux_2_17_ppc64le.manylinux_2_28_ppc64le.whl", hash = "sha256:c8eea55fdfa9ba65c6981eea38bd20c800bce2f092a2803d82de764ecf0f071a", size = 227196, upload-time = "2026-10-03T14:55:44.251Z" },
    { url = "https://files.pythonhosted.org/packages/5e/ee/ca32cc1ed892dc4ac30a922e8f648048233fbdb8b0bce7048860ec4c60ec/websockets-17.2-cp315-cp315-manylinux2014_s390x.manylinux_2_17_s390x.manylinux_2_28_s390x.whl", hash = "sha256:3f0def1279644acaa9bc861d4234af3f82ea9cee7e460dffac5cb63e691501e9", size = 226092, upload-time = "2026-10-03T14:55:45.842Z" },
    { url = "https://files.pythonhosted.org/packages/7d/0c/12d4a73324aa9798d5165d20c088f9dba66c75c871960e5d921ec66694e4/websockets-17.2-cp315-cp315-manylinux_2_31_riscv64.manylinux_2_39_riscv64.whl", hash = "sha256:fb78fb4158c12f77a934a003006784108a27a6553cfc0c6f10483c9c02e94f48", size = 223486, upload-time = "2026-10-03T14:55:47.45Z" },
    { url = "https://files.pythonhosted.org/packages/bc/a4/7fe15da5abb8f0f61e6a357593f7f2ed55724825b7db0ffe72b5c5fad68d/websockets-17.2-cp315-cp315-musllinux_1_2_aarch64.whl", hash = "sha256:f8969ad228115ad8869b5fed801f899e52ab8ad376fdb165ba4760a277c8258a", size = 226200, upload-time = "2026-10-03T14:55:49.126Z" },
    { url = "https://files.pythonhosted.org/packages/08/b9/4cd3a311f96a2eea0ed458bc01fe2cce42f9cd50aa9e64315dfc855d63a9/websockets-17.2-cp315-cp315-musllinux_1_2_armv7l.whl", hash = "sha256:4a49ca342efc0800e6ae94ed5c9cbdcb319308f75e73c21181e4c24d6710e8dd", size = 224862, upload-time = "2026-10-03T14:55:50.674Z" },
    { url = "https://files.pythonhosted.org/packages/41/b5/22caa3460f75e42bfcc74028870b556d22847ea9a9034aa03986f07f16a9/websockets-17.2-cp315-cp315-musllinux_1_2_i686.whl", hash = "sha256:06fa3ce9c3154826c33d4395b225b2994aa64f1f3bcd8be8ed932019175d9268", size = 225391, upload-time = "2026-10-03T14:55:52.393Z" },
    { url = "https://files.pythonhosted.org/packages/95/be/8d28f92092076abf1ddfb3206b0ce956120a22e7c3105f6a3029d727deae/websockets-17.2-cp315-cp315-musllinux_1_2_ppc64le.whl", hash = "sha256:50644d8715be7e0ec0682f9d7744b63008e199c5e1618a48fa153756a332235f", size = 226545, upload-time = "2026-10-03T14:55:54.127Z" },
    { url = "https://files.pythonhosted.org/packages/cb/7b/ff943fa383e540fe17f066cc10a3eeedef26e50fd45aae2bdc6746d6f95a/websockets-17.2-cp315-cp315-musllinux_1_2_riscv64.whl", hash = "sha256:60deca33e584c09e91f70f8b55a0b1de7d671d6a63f051d154920f48bed717c7", size = 224352, upload-time = "2026-10-03T14:55:55.856Z" },
    { url = "https://files.pythonhosted.org/packages/e9/df/1e6c3e06c473c9fd833a5c1620b15e2c3b37647b91b7d41871d20bc098de/websockets-17.2-cp315-cp315-musllinux_1_2_s390x.whl", hash = "sha256:b5f79366a8d8dbb981d53ba800bb54a95454595ab8a4548c2b95501b32a08326", size = 225255, upload-time = "2026-10-03T14:55:57.497Z" },
    { url = "https://files.pythonhosted.org/packages/db/f8/d8a4f988f7cbb568d8bd69da4632c5b6010aa9cd9366f285e23b73b678d9/websockets-17.2-cp315-cp315-musllinux_1_2_x86_64.whl", hash = "sha256:f2bbf3f28d0b63157577c8b774b9136f076afa6797e1a52a2ecd477f23cad3a8", size = 225513, upload-time = "2026-10-03T14:55:59.338Z" },
    { url = "https://files.pythonhosted.org/packages/75/e0/920357165b2797a2530fc9e271d79a9b5fee2b750b154c990c740f767af3/websockets-17.2-cp315-cp315-win32.whl", hash = "sha256:74836317b7010b579522bb52426f1e225608b042c9e78cbe2493522bebb8a318", size = 217722, upload-time = "2026-10-03T14:56:01.307Z" },
    { url = "https://files.pythonhosted.org/packages/5f/eb/25bdca25bbc329ffb330ef33993397d6556a871e40a0d196e757699ea3f7/websockets-17.2-cp315-cp315-win_amd64.whl", hash = "sha256:aaead3d926e9ab4124ada727d20cd62d396649917822df4f771d1f07f1079b40", size = 218017, upload-time = "2026-10-03T14:56:02.914Z" },
    { url = "https://files.pythonhosted.org/packages/fa/cb/ea30a552bbcd1c75f0d14bfce6c884ee36187030b85b74a242aacc02406e/websockets-17.2-cp315-cp315-win_arm64.whl", hash = "sha256:40960554e60eb60c3eec4ff9e42a80f84f8cd3ca9bc80a5481a61f1e64d807c9", size = 217929, upload-time = "2026-10-03T14:56:04.604Z" },
    { url = "https://files.pythonhosted.org/packages/4a/01/477664c619af8aa3c908d482e2a95e13ceed9d78f21d15902013c3bc6c28/websockets-17.2-cp315-cp315t-macosx_10_15_universal2.whl", hash = "sha256:9a2a60a7f0ea5f239efb6391d2b28630a640d82dad63e3bee47cf2c623c4495d", size = 218029, upload-time = "2026-10-03T14:56:06.336Z" },
    { url = "https://files.pythonhosted.org/packages/2a/a9/b0be62ff1c0e2bc966da56b36d3d820c7e2ad3c0c4a4ac414fc7335b214f/websockets-17.2-cp315-cp315t-macosx_10_15_x86_64.whl", hash = "sha256:cca2fcb72c007103740fa4fc3df19fdb1a318c641c69f3b0cc47ed63a889336e", size = 215607, upload-time = "2026-10-03T14:56:08.035Z" },
    { url = "https://files.pythonhosted.org/packages/fc/2b/a6738530de0437a31c1b168e4096ecf790aafaf561f33a009886c7d8042e/websockets-17.2-cp315-cp315t-macosx_11_0_arm64.whl", hash = "sha256:b789356bc4e2e6c20ba52817f92c3fed74e24657654237ecd536c54843b80c6c", size = 215817, upload-time = "2026-10-03T14:56:09.852Z" },
    { url = "https://files.pythonhosted.org/packages/c3/c2/2fc44ddc419cbb09ee1708af3e78d8a4b018db01fc7e4f91bd730e2f8d9e/websockets-17.2-cp315-cp315t-manylinux1_i686.manylinux_2_28_i686.manylinux_2_5_i686.whl", hash = "sha256:222fb626fa15701a850eccc778be17312142b2f6a0e16aea80770b7459adb784", size = 225979, upload-time = "2026-10-03T14:56:11.85Z" },
    { url = "https://files.pythonhosted.org/packages/2e/91/a215b14caa7ea65bc36db81609108899c259503300d1560dae9c70a135e7/websockets-17.2-cp315-cp315t-manylinux1_x86_64.manylinux_2_28_x86_64.manylinux_2_5_x86_64.whl", hash = "sha256:4497e87c34a2d21cbec1227858fec3af8e514dd70c47625557a122fcebc081dc", size = 226250, upload-time = "2026-10-03T14:56:13.548Z" },
    { url = "https://files.pythonhosted.org/packages/65/b9/9406a18e9edf558ed504d2a7679371d0f8107e4ef526c80b154ea4ec9752/websockets-17.2-cp315-cp315t-manylinux2014_aarch64.manylinux_2_17_aarch64.manylinux_2_28_aarch64.whl", hash = "sha256:6281c171557ce0e408e19d9a223f22d915117ac38a5a7f32ed83809e7492316c", size = 227579, upload-time = "2026-10-03T14:56:15.143Z" },
    { url = "https://files.pythonhosted.org/packages/fe/45/a73af119244f46f5130005d7ab63f1c75890c890141a0ca2adc9d97d4671/websockets-17.2-cp315-cp315t-manylinux2014_armv7l.manylinux_2_17_armv7l.manylinux_2_31_armv7l.whl", hash = "sha256:08d97098644728bd1895caa7ecf3090b8e563d70809870d2adb33a107bd061d0", size = 229205, upload-time = "2026-10-03T14:56:17.086Z" },
    { url = "https://files.pythonhosted.org/packages/c1/92/ccd8e2e921d134a56f1ed4642d276500d9e33b3dc4d6deb63d614b3e53a6/websockets-17.2-cp315-cp315t-manylinux2014_ppc64le.manylinux_2_17_ppc64le.manylinux_2_28_ppc64le.whl", hash = "sha256:1fdb8d5a1660307dc6d36d0b7fc725213cbd7f80800904dc4896aa3208b89121", size = 228011, upload-time = "2026-10-03T14:56:18.716Z" },
    { url = "https://files.pythonhosted.org/packages/e0/ef/7d71105d19a7aaab5ff87b9c712f6c1dda44e72ea56aa0e7b777f2fc274b/websockets-17.2-cp315-cp315t-manylinux2014_s390x.manylinux_2_17_s390x.manylinux_2_28_s390x.whl", hash = "sha256:18b0a46e5e9b315e2b54ce8c3bafdeef0e1388ca363114fa868e6aab2dc58512", size = 226892, upload-time = "2026-10-03T14:56:20.412Z" },
    { url = "https://files.pythonhosted.org/packages/56/f7/87012d628b21e66e699440f39bfa7cc55fae7f52b2c532ab62184a589624/websockets-17.2-cp315-cp315t-manylinux_2_31_riscv64.manylinux_2_39_riscv64.whl", hash = "sha256:7f115d5d804a2163dd89245710049078b0e726a58c1f44a1f86c2c6e79055d76", size = 224241, upload-time = "2026-10-03T14:56:22.257Z" },
    { url = "https://files.pythonhosted.org/packages/55/f5/495371068b27ee5f7c435187f9dafd62402f195e2c76063bdd4653da1565/websockets-17.2-cp315-cp315t-musllinux_1_2_aarch64.whl", hash = "sha256:1d829946a2e7630f92f9d7b45b62f3abe9f393cc2dea6a35edb3988f865e75f2", size = 227076, upload-time = "2026-10-03T14:56:23.909Z" },
    { url = "https://files.pythonhosted.org/packages/18/18/3dce3cc6099be5e044e0fd5d0e0c9931c8e3387511cdec8014a345f619e5/websockets-17.2-cp315-cp315t-musllinux_1_2_armv7l.whl", hash = "sha256:6c274fc1572edf7c197094a0eb1887d45fdc95254bc80597dc7599550486c06a", size = 225727, upload-time = "2026-10-03T14:56:25.689Z" },
    { url = "https://files.pythonhosted.org/packages/47/30/57d0c7aaf8d4473926fa8829b8136483f561388d1e747ae71c9f2a83d5fd/websockets-17.2-cp315-cp315t-musllinux_1_2_i686.whl", hash = "sha256:4173a4b8a025ae44313d9d9b4ecf31e886c7b7faf45386d51a8ca4ff2dcf3f2a", size = 226225, upload-time = "2026-10-03T14:56:27.246Z" },
    { url = "https://files.pythonhosted.org/packages/0c/9f/9dce1203756756c00b407b9a6b13a7500fcd38f2634d4daa3f65575814ec/websockets-17.2-cp315-cp315t-musllinux_1_2_ppc64le.whl", hash = "sha256:d8cfe9522ad69b6abb26b413ed1deca43cb915cefc588433d557cb3ae1c783e2", size = 227333, upload-time = "2026-10-03T14:56:28.811Z" },
    { url = "https://files.pythonhosted.org/packages/9a/2f/d3b6b876678ebb03017b7afd7111fe44d54b93f036a80ebb4b481dd1ab74/websockets-17.2-cp315-cp315t-musllinux_1_2_riscv64.whl", hash = "sha256:908d81d88bb16141613a6275059b5114656d5c2f0b5400b421d54fe6f1943507", size = 225082, upload-time = "2026-10-03T14:56:30.578Z" },
    { url = "https://files.pythonhosted.org/packages/32/b0/a69b573a5e56d2e7a5dcbb447466f442380cf81515e1cb1220cd626c8042/websockets-17.2-cp315-cp315t-musllinux_1_2_s390x.whl", hash = "sha256:c6590e1eb624ff6b15b872421bc9a10bc6d2057635d69c6cd244ac3f928f85c6", size = 225945, upload-time = "2026-10-03T14:56:32.32Z" },
    { url = "https://files.pythonhosted.org/packages/70/be/a72911dc8e33f74c196012366ce4d99b1a803894a377a1ed0c8e66df9caa/websockets-17.2-cp315-cp315t-musllinux_1_2_x86_64.whl", hash = "sha256:61040f6f7da5a279d2f77496c69d51132aba75f701c52bded400d4c639277b18", size = 226241, upload-time = "2026-10-03T14:56:34.142Z" },
    { url = "https://files.pythonhosted.org/packages/7d/a9/02a68c1d8e5572918e0962d3aad881078f73ede43abd9b1336e4efaa8909/websockets-17.2-cp315-cp315t-win32.whl", hash = "sha256:f90bad2839c185a1edf8ee22a257cfc8a39e0e337a0490ab185dfa76ef04d1bd", size = 217847, upload-time = "2026-10-03T14:56:36.204Z" },
    { url = "https://files.pythonhosted.org/packages/2b/bf/3d7c33b8d5e7712a60e0149c017ed50394ec5e8cf72e5cb6a1ffaf11a42d/websockets-17.2-cp315-cp315t-win_amd64.whl", hash = "sha256:315551f4ccedbbf9fd4f7e8bf037a5948c976ade0e919ba5d8f581d465f6f725", size = 218169, upload-time = "2026-10-03T14:56:37.79Z" },
    { url = "https://files.pythonhosted.org/packages/27/57/ab34cc6460c5322e6932750fa5c6c64be89e6ee4e2707d13c4e9d3312b25/websockets-17.2-cp315-cp315t-win_arm64.whl", hash = "sha256:0a6220bdf8d5f11af71251a599092d89ac1d6bfac691c7f5951c5b07953947a0", size = 218089, upload-time = "2026-10-03T14:56:39.427Z" },
    { url = "https://files.pythonhosted.org/packages/8a/58/835cd51934d6780fa586f275b5d9901eead6d81569b4343b3767cdbaae4c/websockets-17.2-py3-none-any.whl", hash = "sha256:6aa59f0ef92e796b2db6f5f26550c4713c0e4036899fadf02f55e2ed4db0b7ae", size = 211883, upload-time = "2026-10-03T14:56:51.898Z" },
]
